
Microsoft Visual Studio Solution File, Format Version 12.00
# Visual Studio Version 17
VisualStudioVersion = 17.0.31903.59
MinimumVisualStudioVersion = 10.0.40219.1
Project("{2150E333-8FDC-42A3-9474-1A3956D46DE8}") = "0 Utils", "0 Utils", "{0A4623E2-522C-41EC-AF56-05ADFEC786B2}"
EndProject
Project("{2150E333-8FDC-42A3-9474-1A3956D46DE8}") = "1 Domain", "1 Domain", "{A9E55E03-FB06-47F0-8D7B-39E0292105A8}"
EndProject
Project("{2150E333-8FDC-42A3-9474-1A3956D46DE8}") = "2 Application", "2 Application", "{6FE3B759-C27B-4EAA-966C-A52B55966707}"
EndProject
Project("{2150E333-8FDC-42A3-9474-1A3956D46DE8}") = "4 Frameworks", "4 Frameworks", "{F33525FB-22F5-40A3-A28E-5DFA89713898}"
EndProject
Project("{2150E333-8FDC-42A3-9474-1A3956D46DE8}") = "5 Tests", "5 Tests", "{6F9D804B-58EA-49BB-83B3-A189154360A4}"
EndProject
Project("{FAE04EC0-301F-11D3-BF4B-00C04F79EFBC}") = "Utils", "Utils\Utils.csproj", "{2508A67B-30D9-4242-8E72-80F707F225A1}"
EndProject
Project("{FAE04EC0-301F-11D3-BF4B-00C04F79EFBC}") = "Entities", "Entities\Entities.csproj", "{CB7129F1-0C63-4A16-A3DC-65BE5DA19CCA}"
EndProject
Project("{FAE04EC0-301F-11D3-BF4B-00C04F79EFBC}") = "DomainServices.Abstractions", "DomainServices.Abstractions\DomainServices.Abstractions.csproj", "{0DB82938-B86A-4D55-9172-1050EC193AE4}"
EndProject
Project("{FAE04EC0-301F-11D3-BF4B-00C04F79EFBC}") = "DomainServices", "DomainServices\DomainServices.csproj", "{297CEBF4-2FD3-41FE-A356-DCDAD5D6DE43}"
EndProject
Project("{2150E333-8FDC-42A3-9474-1A3956D46DE8}") = "Services", "Services", "{F7B2241C-C85F-4DB3-A630-4312088584F8}"
EndProject
Project("{FAE04EC0-301F-11D3-BF4B-00C04F79EFBC}") = "Application.Command", "Application.Command\Application.Command.csproj", "{278A2094-BFF8-4F3F-9D73-10F9C147A5F1}"
EndProject
Project("{FAE04EC0-301F-11D3-BF4B-00C04F79EFBC}") = "Infrastructure.Services.Abstractions", "Infrastructure.Services.Abstractions\Infrastructure.Services.Abstractions.csproj", "{12EED66B-7E72-48FC-8975-E73DB130B866}"
EndProject
Project("{FAE04EC0-301F-11D3-BF4B-00C04F79EFBC}") = "Infrastructure.Persistence.Abstractions", "Infrastructure.Persistence.Abstractions\Infrastructure.Persistence.Abstractions.csproj", "{35C7A8D8-3E89-4439-8A0C-792E43AEFF91}"
EndProject
Project("{FAE04EC0-301F-11D3-BF4B-00C04F79EFBC}") = "Infrastructure.Services", "Infrastructure.Services\Infrastructure.Services.csproj", "{36CC3EE6-7B2E-45DE-A14B-EB2B2AA09F6F}"
EndProject
Project("{FAE04EC0-301F-11D3-BF4B-00C04F79EFBC}") = "Infrastructure.Persistence.CustomFile", "Infrastructure.Persistence.CustomFile\Infrastructure.Persistence.CustomFile.csproj", "{11A12DE9-A387-4538-A9F2-EFCA77450647}"
EndProject
Project("{FAE04EC0-301F-11D3-BF4B-00C04F79EFBC}") = "Infrastructure.Services.Windows", "Infrastructure.Services.Windows\Infrastructure.Services.Windows.csproj", "{8D109C27-5F61-4A45-9948-BBAF8007A33D}"
EndProject
Project("{2150E333-8FDC-42A3-9474-1A3956D46DE8}") = "3 Infrastructure", "3 Infrastructure", "{7DDB0C33-CC3D-4F48-B88D-586CCE85484D}"
EndProject
Project("{FAE04EC0-301F-11D3-BF4B-00C04F79EFBC}") = "Utils.Tests", "Utils.Tests\Utils.Tests.csproj", "{F20FCFD6-7CDE-4715-87AA-1AC9023B0855}"
EndProject
Project("{FAE04EC0-301F-11D3-BF4B-00C04F79EFBC}") = "DomainServices.Tests", "DomainServices.Tests\DomainServices.Tests.csproj", "{488D36AD-97E3-4E22-99E1-9155D88CC486}"
EndProject
Project("{FAE04EC0-301F-11D3-BF4B-00C04F79EFBC}") = "Application.Command.Tests", "Application.Command.Tests\Application.Command.Tests.csproj", "{A9421F79-4516-4A57-90AB-D678D058C369}"
EndProject
Project("{FAE04EC0-301F-11D3-BF4B-00C04F79EFBC}") = "Terminal", "Terminal\Terminal.csproj", "{635322B5-484F-49C5-B574-2C7522A87FF4}"
EndProject
Global
	GlobalSection(SolutionConfigurationPlatforms) = preSolution
		Debug|Any CPU = Debug|Any CPU
		Release|Any CPU = Release|Any CPU
	EndGlobalSection
	GlobalSection(ProjectConfigurationPlatforms) = postSolution
		{2508A67B-30D9-4242-8E72-80F707F225A1}.Debug|Any CPU.ActiveCfg = Debug|Any CPU
		{2508A67B-30D9-4242-8E72-80F707F225A1}.Debug|Any CPU.Build.0 = Debug|Any CPU
		{2508A67B-30D9-4242-8E72-80F707F225A1}.Release|Any CPU.ActiveCfg = Release|Any CPU
		{2508A67B-30D9-4242-8E72-80F707F225A1}.Release|Any CPU.Build.0 = Release|Any CPU
		{CB7129F1-0C63-4A16-A3DC-65BE5DA19CCA}.Debug|Any CPU.ActiveCfg = Debug|Any CPU
		{CB7129F1-0C63-4A16-A3DC-65BE5DA19CCA}.Debug|Any CPU.Build.0 = Debug|Any CPU
		{CB7129F1-0C63-4A16-A3DC-65BE5DA19CCA}.Release|Any CPU.ActiveCfg = Release|Any CPU
		{CB7129F1-0C63-4A16-A3DC-65BE5DA19CCA}.Release|Any CPU.Build.0 = Release|Any CPU
		{0DB82938-B86A-4D55-9172-1050EC193AE4}.Debug|Any CPU.ActiveCfg = Debug|Any CPU
		{0DB82938-B86A-4D55-9172-1050EC193AE4}.Debug|Any CPU.Build.0 = Debug|Any CPU
		{0DB82938-B86A-4D55-9172-1050EC193AE4}.Release|Any CPU.ActiveCfg = Release|Any CPU
		{0DB82938-B86A-4D55-9172-1050EC193AE4}.Release|Any CPU.Build.0 = Release|Any CPU
		{297CEBF4-2FD3-41FE-A356-DCDAD5D6DE43}.Debug|Any CPU.ActiveCfg = Debug|Any CPU
		{297CEBF4-2FD3-41FE-A356-DCDAD5D6DE43}.Debug|Any CPU.Build.0 = Debug|Any CPU
		{297CEBF4-2FD3-41FE-A356-DCDAD5D6DE43}.Release|Any CPU.ActiveCfg = Release|Any CPU
		{297CEBF4-2FD3-41FE-A356-DCDAD5D6DE43}.Release|Any CPU.Build.0 = Release|Any CPU
		{278A2094-BFF8-4F3F-9D73-10F9C147A5F1}.Debug|Any CPU.ActiveCfg = Debug|Any CPU
		{278A2094-BFF8-4F3F-9D73-10F9C147A5F1}.Debug|Any CPU.Build.0 = Debug|Any CPU
		{278A2094-BFF8-4F3F-9D73-10F9C147A5F1}.Release|Any CPU.ActiveCfg = Release|Any CPU
		{278A2094-BFF8-4F3F-9D73-10F9C147A5F1}.Release|Any CPU.Build.0 = Release|Any CPU
		{12EED66B-7E72-48FC-8975-E73DB130B866}.Debug|Any CPU.ActiveCfg = Debug|Any CPU
		{12EED66B-7E72-48FC-8975-E73DB130B866}.Debug|Any CPU.Build.0 = Debug|Any CPU
		{12EED66B-7E72-48FC-8975-E73DB130B866}.Release|Any CPU.ActiveCfg = Release|Any CPU
		{12EED66B-7E72-48FC-8975-E73DB130B866}.Release|Any CPU.Build.0 = Release|Any CPU
		{35C7A8D8-3E89-4439-8A0C-792E43AEFF91}.Debug|Any CPU.ActiveCfg = Debug|Any CPU
		{35C7A8D8-3E89-4439-8A0C-792E43AEFF91}.Debug|Any CPU.Build.0 = Debug|Any CPU
		{35C7A8D8-3E89-4439-8A0C-792E43AEFF91}.Release|Any CPU.ActiveCfg = Release|Any CPU
		{35C7A8D8-3E89-4439-8A0C-792E43AEFF91}.Release|Any CPU.Build.0 = Release|Any CPU
		{36CC3EE6-7B2E-45DE-A14B-EB2B2AA09F6F}.Debug|Any CPU.ActiveCfg = Debug|Any CPU
		{36CC3EE6-7B2E-45DE-A14B-EB2B2AA09F6F}.Debug|Any CPU.Build.0 = Debug|Any CPU
		{36CC3EE6-7B2E-45DE-A14B-EB2B2AA09F6F}.Release|Any CPU.ActiveCfg = Release|Any CPU
		{36CC3EE6-7B2E-45DE-A14B-EB2B2AA09F6F}.Release|Any CPU.Build.0 = Release|Any CPU
		{11A12DE9-A387-4538-A9F2-EFCA77450647}.Debug|Any CPU.ActiveCfg = Debug|Any CPU
		{11A12DE9-A387-4538-A9F2-EFCA77450647}.Debug|Any CPU.Build.0 = Debug|Any CPU
		{11A12DE9-A387-4538-A9F2-EFCA77450647}.Release|Any CPU.ActiveCfg = Release|Any CPU
		{11A12DE9-A387-4538-A9F2-EFCA77450647}.Release|Any CPU.Build.0 = Release|Any CPU
		{8D109C27-5F61-4A45-9948-BBAF8007A33D}.Debug|Any CPU.ActiveCfg = Debug|Any CPU
		{8D109C27-5F61-4A45-9948-BBAF8007A33D}.Debug|Any CPU.Build.0 = Debug|Any CPU
		{8D109C27-5F61-4A45-9948-BBAF8007A33D}.Release|Any CPU.ActiveCfg = Release|Any CPU
		{8D109C27-5F61-4A45-9948-BBAF8007A33D}.Release|Any CPU.Build.0 = Release|Any CPU
		{F20FCFD6-7CDE-4715-87AA-1AC9023B0855}.Debug|Any CPU.ActiveCfg = Debug|Any CPU
		{F20FCFD6-7CDE-4715-87AA-1AC9023B0855}.Debug|Any CPU.Build.0 = Debug|Any CPU
		{F20FCFD6-7CDE-4715-87AA-1AC9023B0855}.Release|Any CPU.ActiveCfg = Release|Any CPU
		{F20FCFD6-7CDE-4715-87AA-1AC9023B0855}.Release|Any CPU.Build.0 = Release|Any CPU
		{488D36AD-97E3-4E22-99E1-9155D88CC486}.Debug|Any CPU.ActiveCfg = Debug|Any CPU
		{488D36AD-97E3-4E22-99E1-9155D88CC486}.Debug|Any CPU.Build.0 = Debug|Any CPU
		{488D36AD-97E3-4E22-99E1-9155D88CC486}.Release|Any CPU.ActiveCfg = Release|Any CPU
		{488D36AD-97E3-4E22-99E1-9155D88CC486}.Release|Any CPU.Build.0 = Release|Any CPU
		{A9421F79-4516-4A57-90AB-D678D058C369}.Debug|Any CPU.ActiveCfg = Debug|Any CPU
		{A9421F79-4516-4A57-90AB-D678D058C369}.Debug|Any CPU.Build.0 = Debug|Any CPU
		{A9421F79-4516-4A57-90AB-D678D058C369}.Release|Any CPU.ActiveCfg = Release|Any CPU
		{A9421F79-4516-4A57-90AB-D678D058C369}.Release|Any CPU.Build.0 = Release|Any CPU
		{635322B5-484F-49C5-B574-2C7522A87FF4}.Debug|Any CPU.ActiveCfg = Debug|Any CPU
		{635322B5-484F-49C5-B574-2C7522A87FF4}.Debug|Any CPU.Build.0 = Debug|Any CPU
		{635322B5-484F-49C5-B574-2C7522A87FF4}.Release|Any CPU.ActiveCfg = Release|Any CPU
		{635322B5-484F-49C5-B574-2C7522A87FF4}.Release|Any CPU.Build.0 = Release|Any CPU
	EndGlobalSection
	GlobalSection(NestedProjects) = preSolution
		{2508A67B-30D9-4242-8E72-80F707F225A1} = {0A4623E2-522C-41EC-AF56-05ADFEC786B2}
		{CB7129F1-0C63-4A16-A3DC-65BE5DA19CCA} = {A9E55E03-FB06-47F0-8D7B-39E0292105A8}
		{F7B2241C-C85F-4DB3-A630-4312088584F8} = {A9E55E03-FB06-47F0-8D7B-39E0292105A8}
		{297CEBF4-2FD3-41FE-A356-DCDAD5D6DE43} = {F7B2241C-C85F-4DB3-A630-4312088584F8}
		{0DB82938-B86A-4D55-9172-1050EC193AE4} = {F7B2241C-C85F-4DB3-A630-4312088584F8}
		{278A2094-BFF8-4F3F-9D73-10F9C147A5F1} = {6FE3B759-C27B-4EAA-966C-A52B55966707}
		{12EED66B-7E72-48FC-8975-E73DB130B866} = {6FE3B759-C27B-4EAA-966C-A52B55966707}
		{35C7A8D8-3E89-4439-8A0C-792E43AEFF91} = {6FE3B759-C27B-4EAA-966C-A52B55966707}
		{11A12DE9-A387-4538-A9F2-EFCA77450647} = {7DDB0C33-CC3D-4F48-B88D-586CCE85484D}
		{36CC3EE6-7B2E-45DE-A14B-EB2B2AA09F6F} = {7DDB0C33-CC3D-4F48-B88D-586CCE85484D}
		{8D109C27-5F61-4A45-9948-BBAF8007A33D} = {F33525FB-22F5-40A3-A28E-5DFA89713898}
		{F20FCFD6-7CDE-4715-87AA-1AC9023B0855} = {6F9D804B-58EA-49BB-83B3-A189154360A4}
		{488D36AD-97E3-4E22-99E1-9155D88CC486} = {6F9D804B-58EA-49BB-83B3-A189154360A4}
		{A9421F79-4516-4A57-90AB-D678D058C369} = {6F9D804B-58EA-49BB-83B3-A189154360A4}
		{635322B5-484F-49C5-B574-2C7522A87FF4} = {F33525FB-22F5-40A3-A28E-5DFA89713898}
	EndGlobalSection
EndGlobal
